
Microsoft Visual Studio Solution File, Format Version 12.00
# Visual Studio Version 17
VisualStudioVersion = 17.0.31903.59
MinimumVisualStudioVersion = 10.0.40219.1
Project("{FAE04EC0-301F-11D3-BF4B-00C04F79EFBC}") = "VendorOrderTracker", "VendorOrderTracker\VendorOrderTracker.csproj", "{A8889D40-6E5E-4201-A6A5-EDA0D5ADE227}"
EndProject
Project("{FAE04EC0-301F-11D3-BF4B-00C04F79EFBC}") = "VendorOrderTracker.Tests", "VendorOrderTracker.Tests\VendorOrderTracker.Tests.csproj", "{DDDF9A01-AF4D-4D39-A365-0596C4D2B4AC}"
EndProject
Global
	GlobalSection(SolutionConfigurationPlatforms) = preSolution
		Debug|Any CPU = Debug|Any CPU
		Release|Any CPU = Release|Any CPU
	EndGlobalSection
	GlobalSection(SolutionProperties) = preSolution
		HideSolutionNode = FALSE
	EndGlobalSection
	GlobalSection(ProjectConfigurationPlatforms) = postSolution
		{A8889D40-6E5E-4201-A6A5-EDA0D5ADE227}.Debug|Any CPU.ActiveCfg = Debug|Any CPU
		{A8889D40-6E5E-4201-A6A5-EDA0D5ADE227}.Debug|Any CPU.Build.0 = Debug|Any CPU
		{A8889D40-6E5E-4201-A6A5-EDA0D5ADE227}.Release|Any CPU.ActiveCfg = Release|Any CPU
		{A8889D40-6E5E-4201-A6A5-EDA0D5ADE227}.Release|Any CPU.Build.0 = Release|Any CPU
		{DDDF9A01-AF4D-4D39-A365-0596C4D2B4AC}.Debug|Any CPU.ActiveCfg = Debug|Any CPU
		{DDDF9A01-AF4D-4D39-A365-0596C4D2B4AC}.Debug|Any CPU.Build.0 = Debug|Any CPU
		{DDDF9A01-AF4D-4D39-A365-0596C4D2B4AC}.Release|Any CPU.ActiveCfg = Release|Any CPU
		{DDDF9A01-AF4D-4D39-A365-0596C4D2B4AC}.Release|Any CPU.Build.0 = Release|Any CPU
	EndGlobalSection
EndGlobal
